
Microsoft Visual Studio Solution File, Format Version 12.00
# Visual Studio Version 16
VisualStudioVersion = 16.0.29209.62
MinimumVisualStudioVersion = 10.0.40219.1
Project("{8BC9CEB8-8B4A-11D0-8D11-00A0C91BC942}") = "Factorial", "Factorial\Factorial.vcxproj", "{EA9A65B5-73A9-4AD9-8569-D43BB4E9427B}"
EndProject
Global
	GlobalSection(SolutionConfigurationPlatforms) = preSolution
		Debug|x64 = Debug|x64
		Debug|x86 = Debug|x86
		Release|x64 = Release|x64
		Release|x86 = Release|x86
	EndGlobalSection
	GlobalSection(ProjectConfigurationPlatforms) = postSolution
		{EA9A65B5-73A9-4AD9-8569-D43BB4E9427B}.Debug|x64.ActiveCfg = Debug|x64
		{EA9A65B5-73A9-4AD9-8569-D43BB4E9427B}.Debug|x64.Build.0 = Debug|x64
		{EA9A65B5-73A9-4AD9-8569-D43BB4E9427B}.Debug|x86.ActiveCfg = Debug|Win32
		{EA9A65B5-73A9-4AD9-8569-D43BB4E9427B}.Debug|x86.Build.0 = Debug|Win32
		{EA9A65B5-73A9-4AD9-8569-D43BB4E9427B}.Release|x64.ActiveCfg = Release|x64
		{EA9A65B5-73A9-4AD9-8569-D43BB4E9427B}.Release|x64.Build.0 = Release|x64
		{EA9A65B5-73A9-4AD9-8569-D43BB4E9427B}.Release|x86.ActiveCfg = Release|Win32
		{EA9A65B5-73A9-4AD9-8569-D43BB4E9427B}.Release|x86.Build.0 = Release|Win32
	EndGlobalSection
	GlobalSection(SolutionProperties) = preSolution
		HideSolutionNode = FALSE
	EndGlobalSection
	GlobalSection(ExtensibilityGlobals) = postSolution
		SolutionGuid = {2A0D775D-1991-4407-A9B0-867C2A30308F}
	EndGlobalSection
EndGlobal
