
Microsoft Visual Studio Solution File, Format Version 12.00
# Visual Studio Version 16
VisualStudioVersion = 16.0.29102.190
MinimumVisualStudioVersion = 10.0.40219.1
Project("{8BC9CEB8-8B4A-11D0-8D11-00A0C91BC942}") = "PointMergeOfTwoLists", "PointMergeOfTwoLists\PointMergeOfTwoLists.vcxproj", "{4A577BC6-8EDF-4D28-AE49-DB7FB05DE08C}"
EndProject
Global
	GlobalSection(SolutionConfigurationPlatforms) = preSolution
		Debug|x64 = Debug|x64
		Debug|x86 = Debug|x86
		Release|x64 = Release|x64
		Release|x86 = Release|x86
	EndGlobalSection
	GlobalSection(ProjectConfigurationPlatforms) = postSolution
		{4A577BC6-8EDF-4D28-AE49-DB7FB05DE08C}.Debug|x64.ActiveCfg = Debug|x64
		{4A577BC6-8EDF-4D28-AE49-DB7FB05DE08C}.Debug|x64.Build.0 = Debug|x64
		{4A577BC6-8EDF-4D28-AE49-DB7FB05DE08C}.Debug|x86.ActiveCfg = Debug|Win32
		{4A577BC6-8EDF-4D28-AE49-DB7FB05DE08C}.Debug|x86.Build.0 = Debug|Win32
		{4A577BC6-8EDF-4D28-AE49-DB7FB05DE08C}.Release|x64.ActiveCfg = Release|x64
		{4A577BC6-8EDF-4D28-AE49-DB7FB05DE08C}.Release|x64.Build.0 = Release|x64
		{4A577BC6-8EDF-4D28-AE49-DB7FB05DE08C}.Release|x86.ActiveCfg = Release|Win32
		{4A577BC6-8EDF-4D28-AE49-DB7FB05DE08C}.Release|x86.Build.0 = Release|Win32
	EndGlobalSection
	GlobalSection(SolutionProperties) = preSolution
		HideSolutionNode = FALSE
	EndGlobalSection
	GlobalSection(ExtensibilityGlobals) = postSolution
		SolutionGuid = {16DF1881-5C67-4662-AE48-FA709D177DDD}
	EndGlobalSection
EndGlobal
